// !$*UTF8*$!
{
	archiveVersion = 1;
	classes = {
	};
	objectVersion = 56;
	objects = {

/* Begin PBXBuildFile section */
		6585FD7A2C2C49C100629112 /* AppDelegate.swift in Sources */ = {isa = PBXBuildFile; fileRef = 6585FD792C2C49C100629112 /* AppDelegate.swift */; };
		6585FD7C2C2C49C100629112 /* SceneDelegate.swift in Sources */ = {isa = PBXBuildFile; fileRef = 6585FD7B2C2C49C100629112 /* SceneDelegate.swift */; };
		6585FD7E2C2C49C100629112 /* HomeController.swift in Sources */ = {isa = PBXBuildFile; fileRef = 6585FD7D2C2C49C100629112 /* HomeController.swift */; };
		6585FD832C2C49C400629112 /* Assets.xcassets in Resources */ = {isa = PBXBuildFile; fileRef = 6585FD822C2C49C400629112 /* Assets.xcassets */; };
		6585FD862C2C49C400629112 /* LaunchScreen.storyboard in Resources */ = {isa = PBXBuildFile; fileRef = 6585FD842C2C49C400629112 /* LaunchScreen.storyboard */; };
		6585FD942C2C4A3900629112 /* EarthquakeViewController.swift in Sources */ = {isa = PBXBuildFile; fileRef = 6585FD932C2C4A3900629112 /* EarthquakeViewController.swift */; };
		6585FD962C2C4A7A00629112 /* Earthquake.swift in Sources */ = {isa = PBXBuildFile; fileRef = 6585FD952C2C4A7A00629112 /* Earthquake.swift */; };
		6585FD9A2C2C4AC200629112 /* TabbarController.swift in Sources */ = {isa = PBXBuildFile; fileRef = 6585FD992C2C4AC200629112 /* TabbarController.swift */; };
		6585FDAF2C2C5A9000629112 /* APIEarthquake.swift in Sources */ = {isa = PBXBuildFile; fileRef = 6585FDAE2C2C5A9000629112 /* APIEarthquake.swift */; };
		65A9C88F2C352D6C0046A3B2 /* Earthquakeresponse.swift in Sources */ = {isa = PBXBuildFile; fileRef = 65A9C88E2C352D6C0046A3B2 /* Earthquakeresponse.swift */; };
		65A9C8932C353F400046A3B2 /* MapView.swift in Sources */ = {isa = PBXBuildFile; fileRef = 65A9C8922C353F400046A3B2 /* MapView.swift */; };
		65C485952C2F0212008AA99C /* RxCocoa in Frameworks */ = {isa = PBXBuildFile; productRef = 65C485942C2F0212008AA99C /* RxCocoa */; };
		65C485972C2F05E7008AA99C /* EarthquakeViewModel.swift in Sources */ = {isa = PBXBuildFile; fileRef = 65C485962C2F05E7008AA99C /* EarthquakeViewModel.swift */; };
/* End PBXBuildFile section */

/* Begin PBXFileReference section */
		6585FD762C2C49C100629112 /* Earthquake_Monitoring.app */ = {isa = PBXFileReference; explicitFileType = wrapper.application; includeInIndex = 0; path = Earthquake_Monitoring.app; sourceTree = BUILT_PRODUCTS_DIR; };
		6585FD792C2C49C100629112 /* AppDelegate.swift */ = {isa = PBXFileReference; lastKnownFileType = sourcecode.swift; path = AppDelegate.swift; sourceTree = "<group>"; };
		6585FD7B2C2C49C100629112 /* SceneDelegate.swift */ = {isa = PBXFileReference; lastKnownFileType = sourcecode.swift; path = SceneDelegate.swift; sourceTree = "<group>"; };
		6585FD7D2C2C49C100629112 /* HomeController.swift */ = {isa = PBXFileReference; lastKnownFileType = sourcecode.swift; path = HomeController.swift; sourceTree = "<group>"; };
		6585FD822C2C49C400629112 /* Assets.xcassets */ = {isa = PBXFileReference; lastKnownFileType = folder.assetcatalog; path = Assets.xcassets; sourceTree = "<group>"; };
		6585FD852C2C49C400629112 /* Base */ = {isa = PBXFileReference; lastKnownFileType = file.storyboard; name = Base; path = Base.lproj/LaunchScreen.storyboard; sourceTree = "<group>"; };
		6585FD872C2C49C400629112 /* Info.plist */ = {isa = PBXFileReference; lastKnownFileType = text.plist.xml; path = Info.plist; sourceTree = "<group>"; };
		6585FD932C2C4A3900629112 /* EarthquakeViewController.swift */ = {isa = PBXFileReference; lastKnownFileType = sourcecode.swift; path = EarthquakeViewController.swift; sourceTree = "<group>"; };
		6585FD952C2C4A7A00629112 /* Earthquake.swift */ = {isa = PBXFileReference; lastKnownFileType = sourcecode.swift; path = Earthquake.swift; sourceTree = "<group>"; };
		6585FD992C2C4AC200629112 /* TabbarController.swift */ = {isa = PBXFileReference; lastKnownFileType = sourcecode.swift; path = TabbarController.swift; sourceTree = "<group>"; };
		6585FDAE2C2C5A9000629112 /* APIEarthquake.swift */ = {isa = PBXFileReference; lastKnownFileType = sourcecode.swift; path = APIEarthquake.swift; sourceTree = "<group>"; };
		65A9C88E2C352D6C0046A3B2 /* Earthquakeresponse.swift */ = {isa = PBXFileReference; lastKnownFileType = sourcecode.swift; path = Earthquakeresponse.swift; sourceTree = "<group>"; };
		65A9C8922C353F400046A3B2 /* MapView.swift */ = {isa = PBXFileReference; lastKnownFileType = sourcecode.swift; path = MapView.swift; sourceTree = "<group>"; };
		65C485962C2F05E7008AA99C /* EarthquakeViewModel.swift */ = {isa = PBXFileReference; lastKnownFileType = sourcecode.swift; path = EarthquakeViewModel.swift; sourceTree = "<group>"; };
/* End PBXFileReference section */

/* Begin PBXFrameworksBuildPhase section */
		6585FD732C2C49C100629112 /* Frameworks */ = {
			isa = PBXFrameworksBuildPhase;
			buildActionMask = 2147483647;
			files = (
				65C485952C2F0212008AA99C /* RxCocoa in Frameworks */,
			);
			runOnlyForDeploymentPostprocessing = 0;
		};
/* End PBXFrameworksBuildPhase section */

/* Begin PBXGroup section */
		6585FD6D2C2C49C100629112 = {
			isa = PBXGroup;
			children = (
				6585FD782C2C49C100629112 /* Earthquake_Monitoring */,
				6585FD772C2C49C100629112 /* Products */,
			);
			sourceTree = "<group>";
		};
		6585FD772C2C49C100629112 /* Products */ = {
			isa = PBXGroup;
			children = (
				6585FD762C2C49C100629112 /* Earthquake_Monitoring.app */,
			);
			name = Products;
			sourceTree = "<group>";
		};
		6585FD782C2C49C100629112 /* Earthquake_Monitoring */ = {
			isa = PBXGroup;
			children = (
				6585FD912C2C49D600629112 /* ViewModels */,
				6585FD902C2C49D300629112 /* Models */,
				6585FD8F2C2C49D000629112 /* Views */,
				6585FD8E2C2C49CE00629112 /* APIs */,
				6585FD8D2C2C49CC00629112 /* Supporting */,
				6585FD872C2C49C400629112 /* Info.plist */,
			);
			path = Earthquake_Monitoring;
			sourceTree = "<group>";
		};
		6585FD8D2C2C49CC00629112 /* Supporting */ = {
			isa = PBXGroup;
			children = (
				6585FD792C2C49C100629112 /* AppDelegate.swift */,
				6585FD7B2C2C49C100629112 /* SceneDelegate.swift */,
				6585FD822C2C49C400629112 /* Assets.xcassets */,
				6585FD842C2C49C400629112 /* LaunchScreen.storyboard */,
			);
			path = Supporting;
			sourceTree = "<group>";
		};
		6585FD8E2C2C49CE00629112 /* APIs */ = {
			isa = PBXGroup;
			children = (
				6585FDAE2C2C5A9000629112 /* APIEarthquake.swift */,
			);
			path = APIs;
			sourceTree = "<group>";
		};
		6585FD8F2C2C49D000629112 /* Views */ = {
			isa = PBXGroup;
			children = (
				6585FD922C2C49D800629112 /* Controllers */,
			);
			path = Views;
			sourceTree = "<group>";
		};
		6585FD902C2C49D300629112 /* Models */ = {
			isa = PBXGroup;
			children = (
				6585FD952C2C4A7A00629112 /* Earthquake.swift */,
				65A9C88E2C352D6C0046A3B2 /* Earthquakeresponse.swift */,
			);
			path = Models;
			sourceTree = "<group>";
		};
		6585FD912C2C49D600629112 /* ViewModels */ = {
			isa = PBXGroup;
			children = (
				65C485962C2F05E7008AA99C /* EarthquakeViewModel.swift */,
			);
			path = ViewModels;
			sourceTree = "<group>";
		};
		6585FD922C2C49D800629112 /* Controllers */ = {
			isa = PBXGroup;
			children = (
				6585FD7D2C2C49C100629112 /* HomeController.swift */,
				6585FD932C2C4A3900629112 /* EarthquakeViewController.swift */,
				6585FD992C2C4AC200629112 /* TabbarController.swift */,
				65A9C8922C353F400046A3B2 /* MapView.swift */,
			);
			path = Controllers;
			sourceTree = "<group>";
		};
/* End PBXGroup section */

/* Begin PBXNativeTarget section */
		6585FD752C2C49C100629112 /* Earthquake_Monitoring */ = {
			isa = PBXNativeTarget;
			buildConfigurationList = 6585FD8A2C2C49C400629112 /* Build configuration list for PBXNativeTarget "Earthquake_Monitoring" */;
			buildPhases = (
				6585FD722C2C49C100629112 /* Sources */,
				6585FD732C2C49C100629112 /* Frameworks */,
				6585FD742C2C49C100629112 /* Resources */,
			);
			buildRules = (
			);
			dependencies = (
			);
			name = Earthquake_Monitoring;
			packageProductDependencies = (
				65C485942C2F0212008AA99C /* RxCocoa */,
			);
			productName = Earthquake_Monitoring;
			productReference = 6585FD762C2C49C100629112 /* Earthquake_Monitoring.app */;
			productType = "com.apple.product-type.application";
		};
/* End PBXNativeTarget section */

/* Begin PBXProject section */
		6585FD6E2C2C49C100629112 /* Project object */ = {
			isa = PBXProject;
			attributes = {
				BuildIndependentTargetsInParallel = 1;
				LastSwiftUpdateCheck = 1520;
				LastUpgradeCheck = 1520;
				TargetAttributes = {
					6585FD752C2C49C100629112 = {
						CreatedOnToolsVersion = 15.2;
					};
				};
			};
			buildConfigurationList = 6585FD712C2C49C100629112 /* Build configuration list for PBXProject "Earthquake_Monitoring" */;
			compatibilityVersion = "Xcode 14.0";
			developmentRegion = en;
			hasScannedForEncodings = 0;
			knownRegions = (
				en,
				Base,
			);
			mainGroup = 6585FD6D2C2C49C100629112;
			packageReferences = (
				65C485932C2F0212008AA99C /* XCRemoteSwiftPackageReference "RxSwift" */,
			);
			productRefGroup = 6585FD772C2C49C100629112 /* Products */;
			projectDirPath = "";
			projectRoot = "";
			targets = (
				6585FD752C2C49C100629112 /* Earthquake_Monitoring */,
			);
		};
/* End PBXProject section */

/* Begin PBXResourcesBuildPhase section */
		6585FD742C2C49C100629112 /* Resources */ = {
			isa = PBXResourcesBuildPhase;
			buildActionMask = 2147483647;
			files = (
				6585FD862C2C49C400629112 /* LaunchScreen.storyboard in Resources */,
				6585FD832C2C49C400629112 /* Assets.xcassets in Resources */,
			);
			runOnlyForDeploymentPostprocessing = 0;
		};
/* End PBXResourcesBuildPhase section */

/* Begin PBXSourcesBuildPhase section */
		6585FD722C2C49C100629112 /* Sources */ = {
			isa = PBXSourcesBuildPhase;
			buildActionMask = 2147483647;
			files = (
				6585FD962C2C4A7A00629112 /* Earthquake.swift in Sources */,
				6585FD9A2C2C4AC200629112 /* TabbarController.swift in Sources */,
				65A9C8932C353F400046A3B2 /* MapView.swift in Sources */,
				6585FD7E2C2C49C100629112 /* HomeController.swift in Sources */,
				65C485972C2F05E7008AA99C /* EarthquakeViewModel.swift in Sources */,
				65A9C88F2C352D6C0046A3B2 /* Earthquakeresponse.swift in Sources */,
				6585FD7A2C2C49C100629112 /* AppDelegate.swift in Sources */,
				6585FDAF2C2C5A9000629112 /* APIEarthquake.swift in Sources */,
				6585FD7C2C2C49C100629112 /* SceneDelegate.swift in Sources */,
				6585FD942C2C4A3900629112 /* EarthquakeViewController.swift in Sources */,
			);
			runOnlyForDeploymentPostprocessing = 0;
		};
/* End PBXSourcesBuildPhase section */

/* Begin PBXVariantGroup section */
		6585FD842C2C49C400629112 /* LaunchScreen.storyboard */ = {
			isa = PBXVariantGroup;
			children = (
				6585FD852C2C49C400629112 /* Base */,
			);
			name = LaunchScreen.storyboard;
			sourceTree = "<group>";
		};
/* End PBXVariantGroup section */

/* Begin XCBuildConfiguration section */
		6585FD882C2C49C400629112 /* Debug */ = {
			isa = XCBuildConfiguration;
			buildSettings = {
				ALWAYS_SEARCH_USER_PATHS = NO;
				ASSETCATALOG_COMPILER_GENERATE_SWIFT_ASSET_SYMBOL_EXTENSIONS = YES;
				CLANG_ANALYZER_NONNULL = YES;
				CLANG_ANALYZER_NUMBER_OBJECT_CONVERSION = YES_AGGRESSIVE;
				CLANG_CXX_LANGUAGE_STANDARD = "gnu++20";
				CLANG_ENABLE_MODULES = YES;
				CLANG_ENABLE_OBJC_ARC = YES;
				CLANG_ENABLE_OBJC_WEAK = YES;
				CLANG_WARN_BLOCK_CAPTURE_AUTORELEASING = YES;
				CLANG_WARN_BOOL_CONVERSION = YES;
				CLANG_WARN_COMMA = YES;
				CLANG_WARN_CONSTANT_CONVERSION = YES;
				CLANG_WARN_DEPRECATED_OBJC_IMPLEMENTATIONS = YES;
				CLANG_WARN_DIRECT_OBJC_ISA_USAGE = YES_ERROR;
				CLANG_WARN_DOCUMENTATION_COMMENTS = YES;
				CLANG_WARN_EMPTY_BODY = YES;
				CLANG_WARN_ENUM_CONVERSION = YES;
				CLANG_WARN_INFINITE_RECURSION = YES;
				CLANG_WARN_INT_CONVERSION = YES;
				CLANG_WARN_NON_LITERAL_NULL_CONVERSION = YES;
				CLANG_WARN_OBJC_IMPLICIT_RETAIN_SELF = YES;
				CLANG_WARN_OBJC_LITERAL_CONVERSION = YES;
				CLANG_WARN_OBJC_ROOT_CLASS = YES_ERROR;
				CLANG_WARN_QUOTED_INCLUDE_IN_FRAMEWORK_HEADER = YES;
				CLANG_WARN_RANGE_LOOP_ANALYSIS = YES;
				CLANG_WARN_STRICT_PROTOTYPES = YES;
				CLANG_WARN_SUSPICIOUS_MOVE = YES;
				CLANG_WARN_UNGUARDED_AVAILABILITY = YES_AGGRESSIVE;
				CLANG_WARN_UNREACHABLE_CODE = YES;
				CLANG_WARN__DUPLICATE_METHOD_MATCH = YES;
				COPY_PHASE_STRIP = NO;
				DEBUG_INFORMATION_FORMAT = dwarf;
				ENABLE_STRICT_OBJC_MSGSEND = YES;
				ENABLE_TESTABILITY = YES;
				ENABLE_USER_SCRIPT_SANDBOXING = YES;
				GCC_C_LANGUAGE_STANDARD = gnu17;
				GCC_DYNAMIC_NO_PIC = NO;
				GCC_NO_COMMON_BLOCKS = YES;
				GCC_OPTIMIZATION_LEVEL = 0;
				GCC_PREPROCESSOR_DEFINITIONS = (
					"DEBUG=1",
					"$(inherited)",
				);
				GCC_WARN_64_TO_32_BIT_CONVERSION = YES;
				GCC_WARN_ABOUT_RETURN_TYPE = YES_ERROR;
				GCC_WARN_UNDECLARED_SELECTOR = YES;
				GCC_WARN_UNINITIALIZED_AUTOS = YES_AGGRESSIVE;
				GCC_WARN_UNUSED_FUNCTION = YES;
				GCC_WARN_UNUSED_VARIABLE = YES;
				IPHONEOS_DEPLOYMENT_TARGET = 17.2;
				LOCALIZATION_PREFERS_STRING_CATALOGS = YES;
				MTL_ENABLE_DEBUG_INFO = INCLUDE_SOURCE;
				MTL_FAST_MATH = YES;
				ONLY_ACTIVE_ARCH = YES;
				SDKROOT = iphoneos;
				SWIFT_ACTIVE_COMPILATION_CONDITIONS = "DEBUG $(inherited)";
				SWIFT_OPTIMIZATION_LEVEL = "-Onone";
			};
			name = Debug;
		};
		6585FD892C2C49C400629112 /* Release */ = {
			isa = XCBuildConfiguration;
			buildSettings = {
				ALWAYS_SEARCH_USER_PATHS = NO;
				ASSETCATALOG_COMPILER_GENERATE_SWIFT_ASSET_SYMBOL_EXTENSIONS = YES;
				CLANG_ANALYZER_NONNULL = YES;
				CLANG_ANALYZER_NUMBER_OBJECT_CONVERSION = YES_AGGRESSIVE;
				CLANG_CXX_LANGUAGE_STANDARD = "gnu++20";
				CLANG_ENABLE_MODULES = YES;
				CLANG_ENABLE_OBJC_ARC = YES;
				CLANG_ENABLE_OBJC_WEAK = YES;
				CLANG_WARN_BLOCK_CAPTURE_AUTORELEASING = YES;
				CLANG_WARN_BOOL_CONVERSION = YES;
				CLANG_WARN_COMMA = YES;
				CLANG_WARN_CONSTANT_CONVERSION = YES;
				CLANG_WARN_DEPRECATED_OBJC_IMPLEMENTATIONS = YES;
				CLANG_WARN_DIRECT_OBJC_ISA_USAGE = YES_ERROR;
				CLANG_WARN_DOCUMENTATION_COMMENTS = YES;
				CLANG_WARN_EMPTY_BODY = YES;
				CLANG_WARN_ENUM_CONVERSION = YES;
				CLANG_WARN_INFINITE_RECURSION = YES;
				CLANG_WARN_INT_CONVERSION = YES;
				CLANG_WARN_NON_LITERAL_NULL_CONVERSION = YES;
				CLANG_WARN_OBJC_IMPLICIT_RETAIN_SELF = YES;
				CLANG_WARN_OBJC_LITERAL_CONVERSION = YES;
				CLANG_WARN_OBJC_ROOT_CLASS = YES_ERROR;
				CLANG_WARN_QUOTED_INCLUDE_IN_FRAMEWORK_HEADER = YES;
				CLANG_WARN_RANGE_LOOP_ANALYSIS = YES;
				CLANG_WARN_STRICT_PROTOTYPES = YES;
				CLANG_WARN_SUSPICIOUS_MOVE = YES;
				CLANG_WARN_UNGUARDED_AVAILABILITY = YES_AGGRESSIVE;
				CLANG_WARN_UNREACHABLE_CODE = YES;
				CLANG_WARN__DUPLICATE_METHOD_MATCH = YES;
				COPY_PHASE_STRIP = NO;
				DEBUG_INFORMATION_FORMAT = "dwarf-with-dsym";
				ENABLE_NS_ASSERTIONS = NO;
				ENABLE_STRICT_OBJC_MSGSEND = YES;
				ENABLE_USER_SCRIPT_SANDBOXING = YES;
				GCC_C_LANGUAGE_STANDARD = gnu17;
				GCC_NO_COMMON_BLOCKS = YES;
				GCC_WARN_64_TO_32_BIT_CONVERSION = YES;
				GCC_WARN_ABOUT_RETURN_TYPE = YES_ERROR;
				GCC_WARN_UNDECLARED_SELECTOR = YES;
				GCC_WARN_UNINITIALIZED_AUTOS = YES_AGGRESSIVE;
				GCC_WARN_UNUSED_FUNCTION = YES;
				GCC_WARN_UNUSED_VARIABLE = YES;
				IPHONEOS_DEPLOYMENT_TARGET = 17.2;
				LOCALIZATION_PREFERS_STRING_CATALOGS = YES;
				MTL_ENABLE_DEBUG_INFO = NO;
				MTL_FAST_MATH = YES;
				SDKROOT = iphoneos;
				SWIFT_COMPILATION_MODE = wholemodule;
				VALIDATE_PRODUCT = YES;
			};
			name = Release;
		};
		6585FD8B2C2C49C400629112 /* Debug */ = {
			isa = XCBuildConfiguration;
			buildSettings = {
				ASSETCATALOG_COMPILER_APPICON_NAME = AppIcon;
				ASSETCATALOG_COMPILER_GLOBAL_ACCENT_COLOR_NAME = AccentColor;
				CODE_SIGN_STYLE = Automatic;
				CURRENT_PROJECT_VERSION = 1;
				GENERATE_INFOPLIST_FILE = YES;
				INFOPLIST_FILE = Earthquake_Monitoring/Info.plist;
				INFOPLIST_KEY_UIApplicationSupportsIndirectInputEvents = YES;
				INFOPLIST_KEY_UILaunchStoryboardName = LaunchScreen;
				INFOPLIST_KEY_UISupportedInterfaceOrientations_iPad = "UIInterfaceOrientationPortrait UIInterfaceOrientationPortraitUpsideDown UIInterfaceOrientationLandscapeLeft UIInterfaceOrientationLandscapeRight";
				INFOPLIST_KEY_UISupportedInterfaceOrientations_iPhone = "UIInterfaceOrientationPortrait UIInterfaceOrientationLandscapeLeft UIInterfaceOrientationLandscapeRight";
				LD_RUNPATH_SEARCH_PATHS = (
					"$(inherited)",
					"@executable_path/Frameworks",
				);
				MARKETING_VERSION = 1.0;
				PRODUCT_BUNDLE_IDENTIFIER = "Earthquake-Monitoring.Earthquake-Monitoring";
				PRODUCT_NAME = "$(TARGET_NAME)";
				SWIFT_EMIT_LOC_STRINGS = YES;
				SWIFT_VERSION = 5.0;
				TARGETED_DEVICE_FAMILY = "1,2";
			};
			name = Debug;
		};
		6585FD8C2C2C49C400629112 /* Release */ = {
			isa = XCBuildConfiguration;
			buildSettings = {
				ASSETCATALOG_COMPILER_APPICON_NAME = AppIcon;
				ASSETCATALOG_COMPILER_GLOBAL_ACCENT_COLOR_NAME = AccentColor;
				CODE_SIGN_STYLE = Automatic;
				CURRENT_PROJECT_VERSION = 1;
				GENERATE_INFOPLIST_FILE = YES;
				INFOPLIST_FILE = Earthquake_Monitoring/Info.plist;
				INFOPLIST_KEY_UIApplicationSupportsIndirectInputEvents = YES;
				INFOPLIST_KEY_UILaunchStoryboardName = LaunchScreen;
				INFOPLIST_KEY_UISupportedInterfaceOrientations_iPad = "UIInterfaceOrientationPortrait UIInterfaceOrientationPortraitUpsideDown UIInterfaceOrientationLandscapeLeft UIInterfaceOrientationLandscapeRight";
				INFOPLIST_KEY_UISupportedInterfaceOrientations_iPhone = "UIInterfaceOrientationPortrait UIInterfaceOrientationLandscapeLeft UIInterfaceOrientationLandscapeRight";
				LD_RUNPATH_SEARCH_PATHS = (
					"$(inherited)",
					"@executable_path/Frameworks",
				);
				MARKETING_VERSION = 1.0;
				PRODUCT_BUNDLE_IDENTIFIER = "Earthquake-Monitoring.Earthquake-Monitoring";
				PRODUCT_NAME = "$(TARGET_NAME)";
				SWIFT_EMIT_LOC_STRINGS = YES;
				SWIFT_VERSION = 5.0;
				TARGETED_DEVICE_FAMILY = "1,2";
			};
			name = Release;
		};
/* End XCBuildConfiguration section */

/* Begin XCConfigurationList section */
		6585FD712C2C49C100629112 /* Build configuration list for PBXProject "Earthquake_Monitoring" */ = {
			isa = XCConfigurationList;
			buildConfigurations = (
				6585FD882C2C49C400629112 /* Debug */,
				6585FD892C2C49C400629112 /* Release */,
			);
			defaultConfigurationIsVisible = 0;
			defaultConfigurationName = Release;
		};
		6585FD8A2C2C49C400629112 /* Build configuration list for PBXNativeTarget "Earthquake_Monitoring" */ = {
			isa = XCConfigurationList;
			buildConfigurations = (
				6585FD8B2C2C49C400629112 /* Debug */,
				6585FD8C2C2C49C400629112 /* Release */,
			);
			defaultConfigurationIsVisible = 0;
			defaultConfigurationName = Release;
		};
/* End XCConfigurationList section */

/* Begin XCRemoteSwiftPackageReference section */
		65C485932C2F0212008AA99C /* XCRemoteSwiftPackageReference "RxSwift" */ = {
			isa = XCRemoteSwiftPackageReference;
			repositoryURL = "https://github.com/ReactiveX/RxSwift.git";
			requirement = {
				kind = upToNextMajorVersion;
				minimumVersion = 6.7.1;
			};
		};
/* End XCRemoteSwiftPackageReference section */

/* Begin XCSwiftPackageProductDependency section */
		65C485942C2F0212008AA99C /* RxCocoa */ = {
			isa = XCSwiftPackageProductDependency;
			package = 65C485932C2F0212008AA99C /* XCRemoteSwiftPackageReference "RxSwift" */;
			productName = RxCocoa;
		};
/* End XCSwiftPackageProductDependency section */
	};
	rootObject = 6585FD6E2C2C49C100629112 /* Project object */;
}
